{
  "name": "migrations",
  "version": "1.0.0",
  "lockfileVersion": 3,
  "requires": true,
  "packages": {
    "": {
      "name": "migrations",
      "version": "1.0.0",
      "license": "ISC",
      "devDependencies": {
        "dbmate": "2.32.0",
        "dotenv": "17.4.1"
      }
    },
    "node_modules/@dbmate/darwin-arm64": {
      "version": "2.32.0",
      "resolved": "https://registry.npmjs.org/@dbmate/darwin-arm64/-/darwin-arm64-2.32.0.tgz",
      "integrity": "sha512-1qIf1xXnf/u/heEmQYdHrhyiefsKGIR38QWedQri41OAbgLqk7oyZWQDXncJ8sqfPVZxE9+SuOZEcujXb+i7Eg==",
      "cpu": [
        "arm64"
      ],
      "dev": true,
      "license": "MIT",
      "optional": true,
      "os": [
        "darwin"
      ]
    },
    "node_modules/@dbmate/darwin-x64": {
      "version": "2.32.0",
      "resolved": "https://registry.npmjs.org/@dbmate/darwin-x64/-/darwin-x64-2.32.0.tgz",
      "integrity": "sha512-Nuv0UDE8qOro1rzUWhzLXzpnJ6h/Y0MNlzlGSUpCfvN8KVWulnxL/pJipKoDXh+IW7UZGsQw5GHoR6ZRraZcuw==",
      "cpu": [
        "x64"
      ],
      "dev": true,
      "license": "MIT",
      "optional": true,
      "os": [
        "darwin"
      ]
    },
    "node_modules/@dbmate/linux-arm": {
      "version": "2.32.0",
      "resolved": "https://registry.npmjs.org/@dbmate/linux-arm/-/linux-arm-2.32.0.tgz",
      "integrity": "sha512-j4UqqXZeK54hU24cXlhlZg+RUpMkAA4zsFoLmFMKWVNlGz7MzSwnFzB/blZR2q7+4E+o/DoPp+rt11no/jS+Rg==",
      "cpu": [
        "arm"
      ],
      "dev": true,
      "license": "MIT",
      "optional": true,
      "os": [
        "linux"
      ]
    },
    "node_modules/@dbmate/linux-arm64": {
      "version": "2.32.0",
      "resolved": "https://registry.npmjs.org/@dbmate/linux-arm64/-/linux-arm64-2.32.0.tgz",
      "integrity": "sha512-TnmUEwXMyo3nvyBWfdjhCCHs+7YdKXgE+gck/pa29Dk1SlKbVyguz3DDB0Fi1+YEZ2LTVekee18/Lp6UnUN8JQ==",
      "cpu": [
        "arm64"
      ],
      "dev": true,
      "license": "MIT",
      "optional": true,
      "os": [
        "linux"
      ]
    },
    "node_modules/@dbmate/linux-ia32": {
      "version": "2.32.0",
      "resolved": "https://registry.npmjs.org/@dbmate/linux-ia32/-/linux-ia32-2.32.0.tgz",
      "integrity": "sha512-fOTCnIbejqDHCu6J4DuBSakYexEszqQfmVwlabScG+nhbrKMOCV4ugkbkBhdjIRaH+ulIiFFSDwRQ6xmJ91dDQ==",
      "cpu": [
        "ia32"
      ],
      "dev": true,
      "license": "MIT",
      "optional": true,
      "os": [
        "linux"
      ]
    },
    "node_modules/@dbmate/linux-x64": {
      "version": "2.32.0",
      "resolved": "https://registry.npmjs.org/@dbmate/linux-x64/-/linux-x64-2.32.0.tgz",
      "integrity": "sha512-PPmRSfAcy20jku/p0bhnmKZi/R8cFRPIWeDVOhuZPFM9s06FM+EtwhtO21ZORqYN3hvExhZ6y3dbY8fkNf616Q==",
      "cpu": [
        "x64"
      ],
      "dev": true,
      "license": "MIT",
      "optional": true,
      "os": [
        "linux"
      ]
    },
    "node_modules/@dbmate/win32-x64": {
      "version": "2.32.0",
      "resolved": "https://registry.npmjs.org/@dbmate/win32-x64/-/win32-x64-2.32.0.tgz",
      "integrity": "sha512-rG0oMjOrPagGq9S/LY79hdEx3fNGiysFo5qrZmMELr3Cb/uxswY8elK3vKKiGsIFMX7NUby49RpxD1pCjE+zRQ==",
      "cpu": [
        "x64"
      ],
      "dev": true,
      "license": "MIT",
      "optional": true,
      "os": [
        "win32"
      ]
    },
    "node_modules/dbmate": {
      "version": "2.32.0",
      "resolved": "https://registry.npmjs.org/dbmate/-/dbmate-2.32.0.tgz",
      "integrity": "sha512-UxIXGs8aRKMEhotn9mzOOI+Cswfazy/zE52xQNsLz+OM5nn5C+H/Av/SnHyUsRG/nhelbgv9mXBS76ish1AyNw==",
      "dev": true,
      "license": "MIT",
      "bin": {
        "dbmate": "dist/cli.js"
      },
      "optionalDependencies": {
        "@dbmate/darwin-arm64": "2.32.0",
        "@dbmate/darwin-x64": "2.32.0",
        "@dbmate/linux-arm": "2.32.0",
        "@dbmate/linux-arm64": "2.32.0",
        "@dbmate/linux-ia32": "2.32.0",
        "@dbmate/linux-x64": "2.32.0",
        "@dbmate/win32-x64": "2.32.0"
      }
    },
    "node_modules/dotenv": {
      "version": "17.4.1",
      "resolved": "https://registry.npmjs.org/dotenv/-/dotenv-17.4.1.tgz",
      "integrity": "sha512-k8DaKGP6r1G30Lx8V4+pCsLzKr8vLmV2paqEj1Y55GdAgJuIqpRp5FfajGF8KtwMxCz9qJc6wUIJnm053d/WCw==",
      "dev": true,
      "license": "BSD-2-Clause",
      "engines": {
        "node": ">=12"
      },
      "funding": {
        "url": "https://dotenvx.com"
      }
    }
  }
}
